
Microsoft Visual Studio Solution File, Format Version 12.00
# Visual Studio 15
VisualStudioVersion = 15.0.28307.168
MinimumVisualStudioVersion = 10.0.40219.1
Project("{FAE04EC0-301F-11D3-BF4B-00C04F79EFBC}") = "GitFrameworkFrontend", "GitFrameworkFrontend\GitFrameworkFrontend.csproj", "{37E97784-DB28-4FA6-AA5F-4BFA54356A49}"
EndProject
Project("{FAE04EC0-301F-11D3-BF4B-00C04F79EFBC}") = "ReplaceText", "ReplaceText\ReplaceText.csproj", "{34770D95-35AF-4A49-B487-A3094F601237}"
EndProject
Project("{FAE04EC0-301F-11D3-BF4B-00C04F79EFBC}") = "UnitTests", "UnitTests\UnitTests.csproj", "{DD0FB951-430C-4241-938D-C3BBFD1B560E}"
EndProject
Global
	GlobalSection(SolutionConfigurationPlatforms) = preSolution
		Debug|Any CPU = Debug|Any CPU
		Release|Any CPU = Release|Any CPU
	EndGlobalSection
	GlobalSection(ProjectConfigurationPlatforms) = postSolution
		{37E97784-DB28-4FA6-AA5F-4BFA54356A49}.Debug|Any CPU.ActiveCfg = Debug|Any CPU
		{37E97784-DB28-4FA6-AA5F-4BFA54356A49}.Debug|Any CPU.Build.0 = Debug|Any CPU
		{37E97784-DB28-4FA6-AA5F-4BFA54356A49}.Release|Any CPU.ActiveCfg = Release|Any CPU
		{37E97784-DB28-4FA6-AA5F-4BFA54356A49}.Release|Any CPU.Build.0 = Release|Any CPU
		{34770D95-35AF-4A49-B487-A3094F601237}.Debug|Any CPU.ActiveCfg = Debug|Any CPU
		{34770D95-35AF-4A49-B487-A3094F601237}.Debug|Any CPU.Build.0 = Debug|Any CPU
		{34770D95-35AF-4A49-B487-A3094F601237}.Release|Any CPU.ActiveCfg = Release|Any CPU
		{34770D95-35AF-4A49-B487-A3094F601237}.Release|Any CPU.Build.0 = Release|Any CPU
		{DD0FB951-430C-4241-938D-C3BBFD1B560E}.Debug|Any CPU.ActiveCfg = Debug|Any CPU
		{DD0FB951-430C-4241-938D-C3BBFD1B560E}.Debug|Any CPU.Build.0 = Debug|Any CPU
		{DD0FB951-430C-4241-938D-C3BBFD1B560E}.Release|Any CPU.ActiveCfg = Release|Any CPU
		{DD0FB951-430C-4241-938D-C3BBFD1B560E}.Release|Any CPU.Build.0 = Release|Any CPU
	EndGlobalSection
	GlobalSection(SolutionProperties) = preSolution
		HideSolutionNode = FALSE
	EndGlobalSection
	GlobalSection(ExtensibilityGlobals) = postSolution
		SolutionGuid = {EADD947F-4BB8-4B93-94BF-778F38340740}
	EndGlobalSection
EndGlobal
